
Microsoft Visual Studio Solution File, Format Version 12.00
# Visual Studio 2012
Project("{FAE04EC0-301F-11D3-BF4B-00C04F79EFBC}") = "AndroidCustomTabs", "AndroidCustomTabs\AndroidCustomTabs.csproj", "{E16D7125-E2B7-42BC-BBDE-22B485E06B83}"
EndProject
Project("{FAE04EC0-301F-11D3-BF4B-00C04F79EFBC}") = "CustomTabs.Shared", "CustomTabs.Shared\CustomTabs.Shared.csproj", "{B6906BC0-F7E7-4664-8FD5-99CA913DDF15}"
EndProject
Project("{FAE04EC0-301F-11D3-BF4B-00C04F79EFBC}") = "Application", "Application\Application.csproj", "{C0C20D32-B6EE-4CD6-9F25-1978EA70E674}"
EndProject
Project("{2150E333-8FDC-42A3-9474-1A3956D46DE8}") = "Demos", "Demos", "{F3ECBD6C-EE9E-418D-8C63-90B1CE2FB2DD}"
EndProject
Project("{2150E333-8FDC-42A3-9474-1A3956D46DE8}") = "SolutionItems", "SolutionItems", "{E35E9EC8-FB1F-4DF5-B423-9B31C454445C}"
	ProjectSection(SolutionItems) = preProject
		..\build.cake = ..\build.cake
		..\build.ps1 = ..\build.ps1
		..\build.sh = ..\build.sh
		..\appveyor.yml = ..\appveyor.yml
		..\GitReleaseManager.yaml = ..\GitReleaseManager.yaml
		..\GitVersion.yml = ..\GitVersion.yml
		..\LICENSE = ..\LICENSE
		..\README.md = ..\README.md
		CustomTabs.Shared.nuspec = CustomTabs.Shared.nuspec
		CommonAssemblyInfo.cs = CommonAssemblyInfo.cs
	EndProjectSection
EndProject
Project("{2150E333-8FDC-42A3-9474-1A3956D46DE8}") = "Nuget.Test", "Nuget.Test", "{E981C2E0-B03E-4CAA-AD11-D648FD01966B}"
EndProject
Global
	GlobalSection(SolutionConfigurationPlatforms) = preSolution
		Debug|Any CPU = Debug|Any CPU
		Release|Any CPU = Release|Any CPU
		NugetTest|Any CPU = NugetTest|Any CPU
		NugetTest-Release|Any CPU = NugetTest-Release|Any CPU
		NugetTest-Debug|Any CPU = NugetTest-Debug|Any CPU
	EndGlobalSection
	GlobalSection(ProjectConfigurationPlatforms) = postSolution
		{E16D7125-E2B7-42BC-BBDE-22B485E06B83}.Debug|Any CPU.ActiveCfg = Debug|Any CPU
		{E16D7125-E2B7-42BC-BBDE-22B485E06B83}.Debug|Any CPU.Build.0 = Debug|Any CPU
		{E16D7125-E2B7-42BC-BBDE-22B485E06B83}.Release|Any CPU.ActiveCfg = Release|Any CPU
		{E16D7125-E2B7-42BC-BBDE-22B485E06B83}.NugetTest-Release|Any CPU.ActiveCfg = Debug|Any CPU
		{E16D7125-E2B7-42BC-BBDE-22B485E06B83}.NugetTest-Debug|Any CPU.ActiveCfg = NugetTest-Debug|Any CPU
		{B6906BC0-F7E7-4664-8FD5-99CA913DDF15}.Debug|Any CPU.ActiveCfg = Debug|Any CPU
		{B6906BC0-F7E7-4664-8FD5-99CA913DDF15}.Debug|Any CPU.Build.0 = Debug|Any CPU
		{B6906BC0-F7E7-4664-8FD5-99CA913DDF15}.Release|Any CPU.ActiveCfg = Release|Any CPU
		{B6906BC0-F7E7-4664-8FD5-99CA913DDF15}.Release|Any CPU.Build.0 = Release|Any CPU
		{B6906BC0-F7E7-4664-8FD5-99CA913DDF15}.NugetTest-Release|Any CPU.ActiveCfg = Debug|Any CPU
		{B6906BC0-F7E7-4664-8FD5-99CA913DDF15}.NugetTest-Debug|Any CPU.ActiveCfg = NugetTest-Debug|Any CPU
		{C0C20D32-B6EE-4CD6-9F25-1978EA70E674}.Debug|Any CPU.ActiveCfg = Debug|Any CPU
		{C0C20D32-B6EE-4CD6-9F25-1978EA70E674}.Debug|Any CPU.Build.0 = Debug|Any CPU
		{C0C20D32-B6EE-4CD6-9F25-1978EA70E674}.Release|Any CPU.ActiveCfg = Release|Any CPU
		{C0C20D32-B6EE-4CD6-9F25-1978EA70E674}.NugetTest-Release|Any CPU.ActiveCfg = Release|Any CPU
		{C0C20D32-B6EE-4CD6-9F25-1978EA70E674}.NugetTest-Release|Any CPU.Build.0 = Release|Any CPU
		{C0C20D32-B6EE-4CD6-9F25-1978EA70E674}.NugetTest-Debug|Any CPU.ActiveCfg = Debug|Any CPU
		{C0C20D32-B6EE-4CD6-9F25-1978EA70E674}.NugetTest-Debug|Any CPU.Build.0 = Debug|Any CPU
	EndGlobalSection
	GlobalSection(NestedProjects) = preSolution
		{E16D7125-E2B7-42BC-BBDE-22B485E06B83} = {F3ECBD6C-EE9E-418D-8C63-90B1CE2FB2DD}
		{C0C20D32-B6EE-4CD6-9F25-1978EA70E674} = {E981C2E0-B03E-4CAA-AD11-D648FD01966B}
	EndGlobalSection
EndGlobal
